
Microsoft Visual Studio Solution File, Format Version 12.00
# Visual Studio Version 17
VisualStudioVersion = 17.6.33829.357
MinimumVisualStudioVersion = 10.0.40219.1
Project("{FAE04EC0-301F-11D3-BF4B-00C04F79EFBC}") = "WebApplication1", "WebApplication1\WebApplication1.csproj", "{43B5D519-F30A-430C-8975-A4B85A062490}"
EndProject
Global
	GlobalSection(SolutionConfigurationPlatforms) = preSolution
		Debug|Any CPU = Debug|Any CPU
		Release|Any CPU = Release|Any CPU
	EndGlobalSection
	GlobalSection(ProjectConfigurationPlatforms) = postSolution
		{43B5D519-F30A-430C-8975-A4B85A062490}.Debug|Any CPU.ActiveCfg = Debug|Any CPU
		{43B5D519-F30A-430C-8975-A4B85A062490}.Debug|Any CPU.Build.0 = Debug|Any CPU
		{43B5D519-F30A-430C-8975-A4B85A062490}.Release|Any CPU.ActiveCfg = Release|Any CPU
		{43B5D519-F30A-430C-8975-A4B85A062490}.Release|Any CPU.Build.0 = Release|Any CPU
	EndGlobalSection
	GlobalSection(SolutionProperties) = preSolution
		HideSolutionNode = FALSE
	EndGlobalSection
	GlobalSection(ExtensibilityGlobals) = postSolution
		SolutionGuid = {7AF9A7E5-994E-437D-A523-9F4BC9A6C26F}
	EndGlobalSection
EndGlobal
